
Microsoft Visual Studio Solution File, Format Version 12.00
# Visual Studio 14
VisualStudioVersion = 14.0.25420.1
MinimumVisualStudioVersion = 10.0.40219.1
Project("{2150E333-8FDC-42A3-9474-1A3956D46DE8}") = "src", "src", "{47290C7E-2633-4667-86F5-77EE839D6F33}"
EndProject
Project("{2150E333-8FDC-42A3-9474-1A3956D46DE8}") = "Solution Items", "Solution Items", "{40002880-A8B6-485A-A78F-9C9E4DB9B9A2}"
	ProjectSection(SolutionItems) = preProject
		global.json = global.json
	EndProjectSection
EndProject
Project("{8BB2217D-0F2D-49D1-97BC-3654ED321F3B}") = "EventManager", "src\EventManager\EventManager.xproj", "{6F4EC7DC-3D08-4933-96A5-570E4FB567BA}"
EndProject
Global
	GlobalSection(SolutionConfigurationPlatforms) = preSolution
		Debug|Any CPU = Debug|Any CPU
		Release|Any CPU = Release|Any CPU
	EndGlobalSection
	GlobalSection(ProjectConfigurationPlatforms) = postSolution
		{6F4EC7DC-3D08-4933-96A5-570E4FB567BA}.Debug|Any CPU.ActiveCfg = Debug|Any CPU
		{6F4EC7DC-3D08-4933-96A5-570E4FB567BA}.Debug|Any CPU.Build.0 = Debug|Any CPU
		{6F4EC7DC-3D08-4933-96A5-570E4FB567BA}.Release|Any CPU.ActiveCfg = Release|Any CPU
		{6F4EC7DC-3D08-4933-96A5-570E4FB567BA}.Release|Any CPU.Build.0 = Release|Any CPU
	EndGlobalSection
	GlobalSection(SolutionProperties) = preSolution
		HideSolutionNode = FALSE
	EndGlobalSection
	GlobalSection(NestedProjects) = preSolution
		{6F4EC7DC-3D08-4933-96A5-570E4FB567BA} = {47290C7E-2633-4667-86F5-77EE839D6F33}
	EndGlobalSection
EndGlobal
